// !$*UTF8*$!
{
	archiveVersion = 1;
	classes = {
	};
	objectVersion = 55;
	objects = {

/* Begin PBXBuildFile section */
		1319563E28F42F3A009141A2 /* Product.swift in Sources */ = {isa = PBXBuildFile; fileRef = 1319563D28F42F3A009141A2 /* Product.swift */; };
		1319564028F436E1009141A2 /* QueryView.swift in Sources */ = {isa = PBXBuildFile; fileRef = 1319563F28F436E1009141A2 /* QueryView.swift */; };
		1319564228F446F8009141A2 /* ProductDetailsViewController.swift in Sources */ = {isa = PBXBuildFile; fileRef = 1319564128F446F8009141A2 /* ProductDetailsViewController.swift */; };
		1319564428F4BBC4009141A2 /* Extension+UIView.swift in Sources */ = {isa = PBXBuildFile; fileRef = 1319564328F4BBC4009141A2 /* Extension+UIView.swift */; };
		1319564628F4C3C8009141A2 /* WebViewController.swift in Sources */ = {isa = PBXBuildFile; fileRef = 1319564528F4C3C8009141A2 /* WebViewController.swift */; };
		13D6824128F6281F00DDFDB9 /* PdfViewController.swift in Sources */ = {isa = PBXBuildFile; fileRef = 13D6824028F6281F00DDFDB9 /* PdfViewController.swift */; };
		13D6824328F6287600DDFDB9 /* dz.pdf in Resources */ = {isa = PBXBuildFile; fileRef = 13D6824228F6287500DDFDB9 /* dz.pdf */; };
		13D6824528F6359300DDFDB9 /* Colors.xcassets in Resources */ = {isa = PBXBuildFile; fileRef = 13D6824428F6359300DDFDB9 /* Colors.xcassets */; };
		13D8373528F40BAF00C2CD70 /* ProductView.swift in Sources */ = {isa = PBXBuildFile; fileRef = 13D8373428F40BAF00C2CD70 /* ProductView.swift */; };
		13DB48F628F6F8AE00A8CFFA /* Constants.swift in Sources */ = {isa = PBXBuildFile; fileRef = 13DB48F528F6F8AE00A8CFFA /* Constants.swift */; };
		13DB48F828F7015C00A8CFFA /* OrderView.swift in Sources */ = {isa = PBXBuildFile; fileRef = 13DB48F728F7015C00A8CFFA /* OrderView.swift */; };
		13DB48FA28F71AC600A8CFFA /* ProgressView.swift in Sources */ = {isa = PBXBuildFile; fileRef = 13DB48F928F71AC600A8CFFA /* ProgressView.swift */; };
		13DB48FC28F739A000A8CFFA /* RecommendsView.swift in Sources */ = {isa = PBXBuildFile; fileRef = 13DB48FB28F739A000A8CFFA /* RecommendsView.swift */; };
		13F133C928F3C89D002F4048 /* AppDelegate.swift in Sources */ = {isa = PBXBuildFile; fileRef = 13F133C828F3C89D002F4048 /* AppDelegate.swift */; };
		13F133CB28F3C89D002F4048 /* SceneDelegate.swift in Sources */ = {isa = PBXBuildFile; fileRef = 13F133CA28F3C89D002F4048 /* SceneDelegate.swift */; };
		13F133CD28F3C89D002F4048 /* ViewController.swift in Sources */ = {isa = PBXBuildFile; fileRef = 13F133CC28F3C89D002F4048 /* ViewController.swift */; };
		13F133D228F3C89F002F4048 /* Assets.xcassets in Resources */ = {isa = PBXBuildFile; fileRef = 13F133D128F3C89F002F4048 /* Assets.xcassets */; };
		13F133DF28F3CB2B002F4048 /* SearchViewController.swift in Sources */ = {isa = PBXBuildFile; fileRef = 13F133DE28F3CB2B002F4048 /* SearchViewController.swift */; };
		13F133E128F3CB64002F4048 /* BuyViewController.swift in Sources */ = {isa = PBXBuildFile; fileRef = 13F133E028F3CB64002F4048 /* BuyViewController.swift */; };
		13F133E328F3CB7F002F4048 /* ForYouViewController.swift in Sources */ = {isa = PBXBuildFile; fileRef = 13F133E228F3CB7F002F4048 /* ForYouViewController.swift */; };
		13F133E528F3CB9D002F4048 /* CartViewController.swift in Sources */ = {isa = PBXBuildFile; fileRef = 13F133E428F3CB9D002F4048 /* CartViewController.swift */; };
		13F133E728F3CC97002F4048 /* LaunchScreen.storyboard in Resources */ = {isa = PBXBuildFile; fileRef = 13F133E628F3CC97002F4048 /* LaunchScreen.storyboard */; };
/* End PBXBuildFile section */

/* Begin PBXFileReference section */
		1319563D28F42F3A009141A2 /* Product.swift */ = {isa = PBXFileReference; lastKnownFileType = sourcecode.swift; path = Product.swift; sourceTree = "<group>"; };
		1319563F28F436E1009141A2 /* QueryView.swift */ = {isa = PBXFileReference; lastKnownFileType = sourcecode.swift; path = QueryView.swift; sourceTree = "<group>"; };
		1319564128F446F8009141A2 /* ProductDetailsViewController.swift */ = {isa = PBXFileReference; lastKnownFileType = sourcecode.swift; path = ProductDetailsViewController.swift; sourceTree = "<group>"; };
		1319564328F4BBC4009141A2 /* Extension+UIView.swift */ = {isa = PBXFileReference; lastKnownFileType = sourcecode.swift; path = "Extension+UIView.swift"; sourceTree = "<group>"; };
		1319564528F4C3C8009141A2 /* WebViewController.swift */ = {isa = PBXFileReference; lastKnownFileType = sourcecode.swift; path = WebViewController.swift; sourceTree = "<group>"; };
		13D6824028F6281F00DDFDB9 /* PdfViewController.swift */ = {isa = PBXFileReference; lastKnownFileType = sourcecode.swift; path = PdfViewController.swift; sourceTree = "<group>"; };
		13D6824228F6287500DDFDB9 /* dz.pdf */ = {isa = PBXFileReference; lastKnownFileType = image.pdf; path = dz.pdf; sourceTree = "<group>"; };
		13D6824428F6359300DDFDB9 /* Colors.xcassets */ = {isa = PBXFileReference; lastKnownFileType = folder.assetcatalog; path = Colors.xcassets; sourceTree = "<group>"; };
		13D8373428F40BAF00C2CD70 /* ProductView.swift */ = {isa = PBXFileReference; lastKnownFileType = sourcecode.swift; path = ProductView.swift; sourceTree = "<group>"; };
		13DB48F528F6F8AE00A8CFFA /* Constants.swift */ = {isa = PBXFileReference; lastKnownFileType = sourcecode.swift; path = Constants.swift; sourceTree = "<group>"; };
		13DB48F728F7015C00A8CFFA /* OrderView.swift */ = {isa = PBXFileReference; lastKnownFileType = sourcecode.swift; path = OrderView.swift; sourceTree = "<group>"; };
		13DB48F928F71AC600A8CFFA /* ProgressView.swift */ = {isa = PBXFileReference; lastKnownFileType = sourcecode.swift; path = ProgressView.swift; sourceTree = "<group>"; };
		13DB48FB28F739A000A8CFFA /* RecommendsView.swift */ = {isa = PBXFileReference; lastKnownFileType = sourcecode.swift; path = RecommendsView.swift; sourceTree = "<group>"; };
		13F133C528F3C89D002F4048 /* AppleStore.app */ = {isa = PBXFileReference; explicitFileType = wrapper.application; includeInIndex = 0; path = AppleStore.app; sourceTree = BUILT_PRODUCTS_DIR; };
		13F133C828F3C89D002F4048 /* AppDelegate.swift */ = {isa = PBXFileReference; lastKnownFileType = sourcecode.swift; path = AppDelegate.swift; sourceTree = "<group>"; };
		13F133CA28F3C89D002F4048 /* SceneDelegate.swift */ = {isa = PBXFileReference; lastKnownFileType = sourcecode.swift; path = SceneDelegate.swift; sourceTree = "<group>"; };
		13F133CC28F3C89D002F4048 /* ViewController.swift */ = {isa = PBXFileReference; lastKnownFileType = sourcecode.swift; path = ViewController.swift; sourceTree = "<group>"; };
		13F133D128F3C89F002F4048 /* Assets.xcassets */ = {isa = PBXFileReference; lastKnownFileType = folder.assetcatalog; path = Assets.xcassets; sourceTree = "<group>"; };
		13F133D628F3C89F002F4048 /* Info.plist */ = {isa = PBXFileReference; lastKnownFileType = text.plist.xml; path = Info.plist; sourceTree = "<group>"; };
		13F133DE28F3CB2B002F4048 /* SearchViewController.swift */ = {isa = PBXFileReference; lastKnownFileType = sourcecode.swift; path = SearchViewController.swift; sourceTree = "<group>"; };
		13F133E028F3CB64002F4048 /* BuyViewController.swift */ = {isa = PBXFileReference; lastKnownFileType = sourcecode.swift; path = BuyViewController.swift; sourceTree = "<group>"; };
		13F133E228F3CB7F002F4048 /* ForYouViewController.swift */ = {isa = PBXFileReference; lastKnownFileType = sourcecode.swift; path = ForYouViewController.swift; sourceTree = "<group>"; };
		13F133E428F3CB9D002F4048 /* CartViewController.swift */ = {isa = PBXFileReference; lastKnownFileType = sourcecode.swift; path = CartViewController.swift; sourceTree = "<group>"; };
		13F133E628F3CC97002F4048 /* LaunchScreen.storyboard */ = {isa = PBXFileReference; lastKnownFileType = file.storyboard; path = LaunchScreen.storyboard; sourceTree = "<group>"; };
/* End PBXFileReference section */

/* Begin PBXFrameworksBuildPhase section */
		13F133C228F3C89D002F4048 /* Frameworks */ = {
			isa = PBXFrameworksBuildPhase;
			buildActionMask = 2147483647;
			files = (
			);
			runOnlyForDeploymentPostprocessing = 0;
		};
/* End PBXFrameworksBuildPhase section */

/* Begin PBXGroup section */
		1319563C28F42F2F009141A2 /* Models */ = {
			isa = PBXGroup;
			children = (
				1319563D28F42F3A009141A2 /* Product.swift */,
			);
			path = Models;
			sourceTree = "<group>";
		};
		13D8373328F40B9D00C2CD70 /* Views */ = {
			isa = PBXGroup;
			children = (
				13D8373428F40BAF00C2CD70 /* ProductView.swift */,
				1319563F28F436E1009141A2 /* QueryView.swift */,
				13DB48F728F7015C00A8CFFA /* OrderView.swift */,
				13DB48F928F71AC600A8CFFA /* ProgressView.swift */,
				13DB48FB28F739A000A8CFFA /* RecommendsView.swift */,
			);
			path = Views;
			sourceTree = "<group>";
		};
		13F133BC28F3C89D002F4048 = {
			isa = PBXGroup;
			children = (
				13F133C728F3C89D002F4048 /* AppleStore */,
				13F133C628F3C89D002F4048 /* Products */,
			);
			sourceTree = "<group>";
		};
		13F133C628F3C89D002F4048 /* Products */ = {
			isa = PBXGroup;
			children = (
				13F133C528F3C89D002F4048 /* AppleStore.app */,
			);
			name = Products;
			sourceTree = "<group>";
		};
		13F133C728F3C89D002F4048 /* AppleStore */ = {
			isa = PBXGroup;
			children = (
				13F133DD28F3CB0F002F4048 /* ViewControllers */,
				13F133C828F3C89D002F4048 /* AppDelegate.swift */,
				13F133CA28F3C89D002F4048 /* SceneDelegate.swift */,
				13F133D128F3C89F002F4048 /* Assets.xcassets */,
				13F133D628F3C89F002F4048 /* Info.plist */,
				13F133E628F3CC97002F4048 /* LaunchScreen.storyboard */,
				13D6824228F6287500DDFDB9 /* dz.pdf */,
				13D6824428F6359300DDFDB9 /* Colors.xcassets */,
			);
			path = AppleStore;
			sourceTree = "<group>";
		};
		13F133DD28F3CB0F002F4048 /* ViewControllers */ = {
			isa = PBXGroup;
			children = (
				1319563C28F42F2F009141A2 /* Models */,
				13D8373328F40B9D00C2CD70 /* Views */,
				13F133CC28F3C89D002F4048 /* ViewController.swift */,
				13F133DE28F3CB2B002F4048 /* SearchViewController.swift */,
				13F133E028F3CB64002F4048 /* BuyViewController.swift */,
				13F133E228F3CB7F002F4048 /* ForYouViewController.swift */,
				13F133E428F3CB9D002F4048 /* CartViewController.swift */,
				1319564128F446F8009141A2 /* ProductDetailsViewController.swift */,
				1319564328F4BBC4009141A2 /* Extension+UIView.swift */,
				1319564528F4C3C8009141A2 /* WebViewController.swift */,
				13D6824028F6281F00DDFDB9 /* PdfViewController.swift */,
				13DB48F528F6F8AE00A8CFFA /* Constants.swift */,
			);
			path = ViewControllers;
			sourceTree = "<group>";
		};
/* End PBXGroup section */

/* Begin PBXNativeTarget section */
		13F133C428F3C89D002F4048 /* AppleStore */ = {
			isa = PBXNativeTarget;
			buildConfigurationList = 13F133D928F3C89F002F4048 /* Build configuration list for PBXNativeTarget "AppleStore" */;
			buildPhases = (
				13F133DC28F3C981002F4048 /* SwiftLintScript */,
				13F133C128F3C89D002F4048 /* Sources */,
				13F133C228F3C89D002F4048 /* Frameworks */,
				13F133C328F3C89D002F4048 /* Resources */,
			);
			buildRules = (
			);
			dependencies = (
			);
			name = AppleStore;
			productName = AppleStore;
			productReference = 13F133C528F3C89D002F4048 /* AppleStore.app */;
			productType = "com.apple.product-type.application";
		};
/* End PBXNativeTarget section */

/* Begin PBXProject section */
		13F133BD28F3C89D002F4048 /* Project object */ = {
			isa = PBXProject;
			attributes = {
				BuildIndependentTargetsInParallel = 1;
				LastSwiftUpdateCheck = 1310;
				LastUpgradeCheck = 1310;
				TargetAttributes = {
					13F133C428F3C89D002F4048 = {
						CreatedOnToolsVersion = 13.1;
					};
				};
			};
			buildConfigurationList = 13F133C028F3C89D002F4048 /* Build configuration list for PBXProject "AppleStore" */;
			compatibilityVersion = "Xcode 13.0";
			developmentRegion = en;
			hasScannedForEncodings = 0;
			knownRegions = (
				en,
				Base,
			);
			mainGroup = 13F133BC28F3C89D002F4048;
			productRefGroup = 13F133C628F3C89D002F4048 /* Products */;
			projectDirPath = "";
			projectRoot = "";
			targets = (
				13F133C428F3C89D002F4048 /* AppleStore */,
			);
		};
/* End PBXProject section */

/* Begin PBXResourcesBuildPhase section */
		13F133C328F3C89D002F4048 /* Resources */ = {
			isa = PBXResourcesBuildPhase;
			buildActionMask = 2147483647;
			files = (
				13D6824328F6287600DDFDB9 /* dz.pdf in Resources */,
				13D6824528F6359300DDFDB9 /* Colors.xcassets in Resources */,
				13F133D228F3C89F002F4048 /* Assets.xcassets in Resources */,
				13F133E728F3CC97002F4048 /* LaunchScreen.storyboard in Resources */,
			);
			runOnlyForDeploymentPostprocessing = 0;
		};
/* End PBXResourcesBuildPhase section */

/* Begin PBXShellScriptBuildPhase section */
		13F133DC28F3C981002F4048 /* SwiftLintScript */ = {
			isa = PBXShellScriptBuildPhase;
			buildActionMask = 2147483647;
			files = (
			);
			inputFileListPaths = (
			);
			inputPaths = (
			);
			name = SwiftLintScript;
			outputFileListPaths = (
			);
			outputPaths = (
			);
			runOnlyForDeploymentPostprocessing = 0;
			shellPath = /bin/sh;
			shellScript = "if which swiftlint > /dev/null; then\n  swiftlint\nelse\n  echo \"warning: SwiftLint not installed, download from https://github.com/realm/SwiftLint\"\nfi\n";
		};
/* End PBXShellScriptBuildPhase section */

/* Begin PBXSourcesBuildPhase section */
		13F133C128F3C89D002F4048 /* Sources */ = {
			isa = PBXSourcesBuildPhase;
			buildActionMask = 2147483647;
			files = (
				13D8373528F40BAF00C2CD70 /* ProductView.swift in Sources */,
				13DB48FC28F739A000A8CFFA /* RecommendsView.swift in Sources */,
				13DB48F828F7015C00A8CFFA /* OrderView.swift in Sources */,
				1319564028F436E1009141A2 /* QueryView.swift in Sources */,
				1319564428F4BBC4009141A2 /* Extension+UIView.swift in Sources */,
				1319564228F446F8009141A2 /* ProductDetailsViewController.swift in Sources */,
				13F133CD28F3C89D002F4048 /* ViewController.swift in Sources */,
				13DB48FA28F71AC600A8CFFA /* ProgressView.swift in Sources */,
				13DB48F628F6F8AE00A8CFFA /* Constants.swift in Sources */,
				1319563E28F42F3A009141A2 /* Product.swift in Sources */,
				13F133E128F3CB64002F4048 /* BuyViewController.swift in Sources */,
				13D6824128F6281F00DDFDB9 /* PdfViewController.swift in Sources */,
				13F133E528F3CB9D002F4048 /* CartViewController.swift in Sources */,
				13F133E328F3CB7F002F4048 /* ForYouViewController.swift in Sources */,
				13F133C928F3C89D002F4048 /* AppDelegate.swift in Sources */,
				13F133DF28F3CB2B002F4048 /* SearchViewController.swift in Sources */,
				1319564628F4C3C8009141A2 /* WebViewController.swift in Sources */,
				13F133CB28F3C89D002F4048 /* SceneDelegate.swift in Sources */,
			);
			runOnlyForDeploymentPostprocessing = 0;
		};
/* End PBXSourcesBuildPhase section */

/* Begin XCBuildConfiguration section */
		13F133D728F3C89F002F4048 /* Debug */ = {
			isa = XCBuildConfiguration;
			buildSettings = {
				ALWAYS_SEARCH_USER_PATHS = NO;
				CLANG_ANALYZER_NONNULL = YES;
				CLANG_ANALYZER_NUMBER_OBJECT_CONVERSION = YES_AGGRESSIVE;
				CLANG_CXX_LANGUAGE_STANDARD = "gnu++17";
				CLANG_CXX_LIBRARY = "libc++";
				CLANG_ENABLE_MODULES = YES;
				CLANG_ENABLE_OBJC_ARC = YES;
				CLANG_ENABLE_OBJC_WEAK = YES;
				CLANG_WARN_BLOCK_CAPTURE_AUTORELEASING = YES;
				CLANG_WARN_BOOL_CONVERSION = YES;
				CLANG_WARN_COMMA = YES;
				CLANG_WARN_CONSTANT_CONVERSION = YES;
				CLANG_WARN_DEPRECATED_OBJC_IMPLEMENTATIONS = YES;
				CLANG_WARN_DIRECT_OBJC_ISA_USAGE = YES_ERROR;
				CLANG_WARN_DOCUMENTATION_COMMENTS = YES;
				CLANG_WARN_EMPTY_BODY = YES;
				CLANG_WARN_ENUM_CONVERSION = YES;
				CLANG_WARN_INFINITE_RECURSION = YES;
				CLANG_WARN_INT_CONVERSION = YES;
				CLANG_WARN_NON_LITERAL_NULL_CONVERSION = YES;
				CLANG_WARN_OBJC_IMPLICIT_RETAIN_SELF = YES;
				CLANG_WARN_OBJC_LITERAL_CONVERSION = YES;
				CLANG_WARN_OBJC_ROOT_CLASS = YES_ERROR;
				CLANG_WARN_QUOTED_INCLUDE_IN_FRAMEWORK_HEADER = YES;
				CLANG_WARN_RANGE_LOOP_ANALYSIS = YES;
				CLANG_WARN_STRICT_PROTOTYPES = YES;
				CLANG_WARN_SUSPICIOUS_MOVE = YES;
				CLANG_WARN_UNGUARDED_AVAILABILITY = YES_AGGRESSIVE;
				CLANG_WARN_UNREACHABLE_CODE = YES;
				CLANG_WARN__DUPLICATE_METHOD_MATCH = YES;
				COPY_PHASE_STRIP = NO;
				DEBUG_INFORMATION_FORMAT = dwarf;
				ENABLE_STRICT_OBJC_MSGSEND = YES;
				ENABLE_TESTABILITY = YES;
				GCC_C_LANGUAGE_STANDARD = gnu11;
				GCC_DYNAMIC_NO_PIC = NO;
				GCC_NO_COMMON_BLOCKS = YES;
				GCC_OPTIMIZATION_LEVEL = 0;
				GCC_PREPROCESSOR_DEFINITIONS = (
					"DEBUG=1",
					"$(inherited)",
				);
				GCC_WARN_64_TO_32_BIT_CONVERSION = YES;
				GCC_WARN_ABOUT_RETURN_TYPE = YES_ERROR;
				GCC_WARN_UNDECLARED_SELECTOR = YES;
				GCC_WARN_UNINITIALIZED_AUTOS = YES_AGGRESSIVE;
				GCC_WARN_UNUSED_FUNCTION = YES;
				GCC_WARN_UNUSED_VARIABLE = YES;
				IPHONEOS_DEPLOYMENT_TARGET = 15.0;
				MTL_ENABLE_DEBUG_INFO = INCLUDE_SOURCE;
				MTL_FAST_MATH = YES;
				ONLY_ACTIVE_ARCH = YES;
				SDKROOT = iphoneos;
				SWIFT_ACTIVE_COMPILATION_CONDITIONS = DEBUG;
				SWIFT_OPTIMIZATION_LEVEL = "-Onone";
			};
			name = Debug;
		};
		13F133D828F3C89F002F4048 /* Release */ = {
			isa = XCBuildConfiguration;
			buildSettings = {
				ALWAYS_SEARCH_USER_PATHS = NO;
				CLANG_ANALYZER_NONNULL = YES;
				CLANG_ANALYZER_NUMBER_OBJECT_CONVERSION = YES_AGGRESSIVE;
				CLANG_CXX_LANGUAGE_STANDARD = "gnu++17";
				CLANG_CXX_LIBRARY = "libc++";
				CLANG_ENABLE_MODULES = YES;
				CLANG_ENABLE_OBJC_ARC = YES;
				CLANG_ENABLE_OBJC_WEAK = YES;
				CLANG_WARN_BLOCK_CAPTURE_AUTORELEASING = YES;
				CLANG_WARN_BOOL_CONVERSION = YES;
				CLANG_WARN_COMMA = YES;
				CLANG_WARN_CONSTANT_CONVERSION = YES;
				CLANG_WARN_DEPRECATED_OBJC_IMPLEMENTATIONS = YES;
				CLANG_WARN_DIRECT_OBJC_ISA_USAGE = YES_ERROR;
				CLANG_WARN_DOCUMENTATION_COMMENTS = YES;
				CLANG_WARN_EMPTY_BODY = YES;
				CLANG_WARN_ENUM_CONVERSION = YES;
				CLANG_WARN_INFINITE_RECURSION = YES;
				CLANG_WARN_INT_CONVERSION = YES;
				CLANG_WARN_NON_LITERAL_NULL_CONVERSION = YES;
				CLANG_WARN_OBJC_IMPLICIT_RETAIN_SELF = YES;
				CLANG_WARN_OBJC_LITERAL_CONVERSION = YES;
				CLANG_WARN_OBJC_ROOT_CLASS = YES_ERROR;
				CLANG_WARN_QUOTED_INCLUDE_IN_FRAMEWORK_HEADER = YES;
				CLANG_WARN_RANGE_LOOP_ANALYSIS = YES;
				CLANG_WARN_STRICT_PROTOTYPES = YES;
				CLANG_WARN_SUSPICIOUS_MOVE = YES;
				CLANG_WARN_UNGUARDED_AVAILABILITY = YES_AGGRESSIVE;
				CLANG_WARN_UNREACHABLE_CODE = YES;
				CLANG_WARN__DUPLICATE_METHOD_MATCH = YES;
				COPY_PHASE_STRIP = NO;
				DEBUG_INFORMATION_FORMAT = "dwarf-with-dsym";
				ENABLE_NS_ASSERTIONS = NO;
				ENABLE_STRICT_OBJC_MSGSEND = YES;
				GCC_C_LANGUAGE_STANDARD = gnu11;
				GCC_NO_COMMON_BLOCKS = YES;
				GCC_WARN_64_TO_32_BIT_CONVERSION = YES;
				GCC_WARN_ABOUT_RETURN_TYPE = YES_ERROR;
				GCC_WARN_UNDECLARED_SELECTOR = YES;
				GCC_WARN_UNINITIALIZED_AUTOS = YES_AGGRESSIVE;
				GCC_WARN_UNUSED_FUNCTION = YES;
				GCC_WARN_UNUSED_VARIABLE = YES;
				IPHONEOS_DEPLOYMENT_TARGET = 15.0;
				MTL_ENABLE_DEBUG_INFO = NO;
				MTL_FAST_MATH = YES;
				SDKROOT = iphoneos;
				SWIFT_COMPILATION_MODE = wholemodule;
				SWIFT_OPTIMIZATION_LEVEL = "-O";
				VALIDATE_PRODUCT = YES;
			};
			name = Release;
		};
		13F133DA28F3C89F002F4048 /* Debug */ = {
			isa = XCBuildConfiguration;
			buildSettings = {
				ASSETCATALOG_COMPILER_APPICON_NAME = AppIcon;
				ASSETCATALOG_COMPILER_GLOBAL_ACCENT_COLOR_NAME = AccentColor;
				CODE_SIGN_STYLE = Automatic;
				CURRENT_PROJECT_VERSION = 1;
				DEVELOPMENT_TEAM = U68TY7Z9YL;
				GENERATE_INFOPLIST_FILE = YES;
				INFOPLIST_FILE = AppleStore/Info.plist;
				INFOPLIST_KEY_LSApplicationCategoryType = "";
				INFOPLIST_KEY_UIApplicationSupportsIndirectInputEvents = YES;
				INFOPLIST_KEY_UILaunchStoryboardName = LaunchScreen;
				INFOPLIST_KEY_UISupportedInterfaceOrientations_iPad = "UIInterfaceOrientationPortrait UIInterfaceOrientationPortraitUpsideDown UIInterfaceOrientationLandscapeLeft UIInterfaceOrientationLandscapeRight";
				INFOPLIST_KEY_UISupportedInterfaceOrientations_iPhone = "UIInterfaceOrientationPortrait UIInterfaceOrientationLandscapeLeft UIInterfaceOrientationLandscapeRight";
				LD_RUNPATH_SEARCH_PATHS = (
					"$(inherited)",
					"@executable_path/Frameworks",
				);
				MARKETING_VERSION = 1.0;
				PRODUCT_BUNDLE_IDENTIFIER = pzatlar.AppleStore;
				PRODUCT_NAME = "$(TARGET_NAME)";
				SWIFT_EMIT_LOC_STRINGS = YES;
				SWIFT_VERSION = 5.0;
				TARGETED_DEVICE_FAMILY = "1,2";
			};
			name = Debug;
		};
		13F133DB28F3C89F002F4048 /* Release */ = {
			isa = XCBuildConfiguration;
			buildSettings = {
				ASSETCATALOG_COMPILER_APPICON_NAME = AppIcon;
				ASSETCATALOG_COMPILER_GLOBAL_ACCENT_COLOR_NAME = AccentColor;
				CODE_SIGN_STYLE = Automatic;
				CURRENT_PROJECT_VERSION = 1;
				DEVELOPMENT_TEAM = U68TY7Z9YL;
				GENERATE_INFOPLIST_FILE = YES;
				INFOPLIST_FILE = AppleStore/Info.plist;
				INFOPLIST_KEY_LSApplicationCategoryType = "";
				INFOPLIST_KEY_UIApplicationSupportsIndirectInputEvents = YES;
				INFOPLIST_KEY_UILaunchStoryboardName = LaunchScreen;
				INFOPLIST_KEY_UISupportedInterfaceOrientations_iPad = "UIInterfaceOrientationPortrait UIInterfaceOrientationPortraitUpsideDown UIInterfaceOrientationLandscapeLeft UIInterfaceOrientationLandscapeRight";
				INFOPLIST_KEY_UISupportedInterfaceOrientations_iPhone = "UIInterfaceOrientationPortrait UIInterfaceOrientationLandscapeLeft UIInterfaceOrientationLandscapeRight";
				LD_RUNPATH_SEARCH_PATHS = (
					"$(inherited)",
					"@executable_path/Frameworks",
				);
				MARKETING_VERSION = 1.0;
				PRODUCT_BUNDLE_IDENTIFIER = pzatlar.AppleStore;
				PRODUCT_NAME = "$(TARGET_NAME)";
				SWIFT_EMIT_LOC_STRINGS = YES;
				SWIFT_VERSION = 5.0;
				TARGETED_DEVICE_FAMILY = "1,2";
			};
			name = Release;
		};
/* End XCBuildConfiguration section */

/* Begin XCConfigurationList section */
		13F133C028F3C89D002F4048 /* Build configuration list for PBXProject "AppleStore" */ = {
			isa = XCConfigurationList;
			buildConfigurations = (
				13F133D728F3C89F002F4048 /* Debug */,
				13F133D828F3C89F002F4048 /* Release */,
			);
			defaultConfigurationIsVisible = 0;
			defaultConfigurationName = Release;
		};
		13F133D928F3C89F002F4048 /* Build configuration list for PBXNativeTarget "AppleStore" */ = {
			isa = XCConfigurationList;
			buildConfigurations = (
				13F133DA28F3C89F002F4048 /* Debug */,
				13F133DB28F3C89F002F4048 /* Release */,
			);
			defaultConfigurationIsVisible = 0;
			defaultConfigurationName = Release;
		};
/* End XCConfigurationList section */
	};
	rootObject = 13F133BD28F3C89D002F4048 /* Project object */;
}
